
Microsoft Visual Studio Solution File, Format Version 12.00
# Visual Studio Version 17
VisualStudioVersion = 17.7.34024.191
MinimumVisualStudioVersion = 10.0.40219.1
Project("{9A19103F-16F7-4668-BE54-9A1E7A4F7556}") = "JewelryAuction.Services", "JewelryAuction.Services\JewelryAuction.Services.csproj", "{B1B441E0-C0CE-4097-8524-247293A9AF49}"
EndProject
Project("{9A19103F-16F7-4668-BE54-9A1E7A4F7556}") = "JewelryAuction.Data", "JewelryAuction.Data\JewelryAuction.Data.csproj", "{B5CF3025-E087-40F1-9B91-BCE271367D52}"
EndProject
Project("{9A19103F-16F7-4668-BE54-9A1E7A4F7556}") = "Jewelry auction system", "Jewelry auction system\Jewelry auction system.csproj", "{A71A528A-0267-4340-948F-98380C1D8396}"
EndProject
Global
	GlobalSection(SolutionConfigurationPlatforms) = preSolution
		Debug|Any CPU = Debug|Any CPU
		Release|Any CPU = Release|Any CPU
	EndGlobalSection
	GlobalSection(ProjectConfigurationPlatforms) = postSolution
		{B1B441E0-C0CE-4097-8524-247293A9AF49}.Debug|Any CPU.ActiveCfg = Debug|Any CPU
		{B1B441E0-C0CE-4097-8524-247293A9AF49}.Debug|Any CPU.Build.0 = Debug|Any CPU
		{B1B441E0-C0CE-4097-8524-247293A9AF49}.Release|Any CPU.ActiveCfg = Release|Any CPU
		{B1B441E0-C0CE-4097-8524-247293A9AF49}.Release|Any CPU.Build.0 = Release|Any CPU
		{B5CF3025-E087-40F1-9B91-BCE271367D52}.Debug|Any CPU.ActiveCfg = Debug|Any CPU
		{B5CF3025-E087-40F1-9B91-BCE271367D52}.Debug|Any CPU.Build.0 = Debug|Any CPU
		{B5CF3025-E087-40F1-9B91-BCE271367D52}.Release|Any CPU.ActiveCfg = Release|Any CPU
		{B5CF3025-E087-40F1-9B91-BCE271367D52}.Release|Any CPU.Build.0 = Release|Any CPU
		{A71A528A-0267-4340-948F-98380C1D8396}.Debug|Any CPU.ActiveCfg = Debug|Any CPU
		{A71A528A-0267-4340-948F-98380C1D8396}.Debug|Any CPU.Build.0 = Debug|Any CPU
		{A71A528A-0267-4340-948F-98380C1D8396}.Release|Any CPU.ActiveCfg = Release|Any CPU
		{A71A528A-0267-4340-948F-98380C1D8396}.Release|Any CPU.Build.0 = Release|Any CPU
	EndGlobalSection
	GlobalSection(SolutionProperties) = preSolution
		HideSolutionNode = FALSE
	EndGlobalSection
	GlobalSection(ExtensibilityGlobals) = postSolution
		SolutionGuid = {2A730FF9-1A34-477D-9F4D-E4FAA981CEA1}
	EndGlobalSection
EndGlobal
